{
  "name": "ableshare",
  "lockfileVersion": 3,
  "requires": true,
  "packages": {
    "": {
      "dependencies": {
        "@tanstack/react-query": "^5.90.12"
      }
    },
    "node_modules/@tanstack/query-core": {
      "version": "5.90.12",
      "resolved": "https://registry.npmjs.org/@tanstack/query-core/-/query-core-5.90.12.tgz",
      "integrity": "sha512-T1/8t5DhV/SisWjDnaiU2drl6ySvsHj1bHBCWNXd+/T+Hh1cf6JodyEYMd5sgwm+b/mETT4EV3H+zCVczCU5hg==",
      "license": "MIT",
      "funding": {
        "type": "github",
        "url": "https://github.com/sponsors/tannerlinsley"
      }
    },
    "node_modules/@tanstack/react-query": {
      "version": "5.90.12",
      "resolved": "https://registry.npmjs.org/@tanstack/react-query/-/react-query-5.90.12.tgz",
      "integrity": "sha512-graRZspg7EoEaw0a8faiUASCyJrqjKPdqJ9EwuDRUF9mEYJ1YPczI9H+/agJ0mOJkPCJDk0lsz5QTrLZ/jQ2rg==",
      "license": "MIT",
      "dependencies": {
        "@tanstack/query-core": "5.90.12"
      },
      "funding": {
        "type": "github",
        "url": "https://github.com/sponsors/tannerlinsley"
      },
      "peerDependencies": {
        "react": "^18 || ^19"
      }
    },
    "node_modules/react": {
      "version": "19.2.3",
      "resolved": "https://registry.npmjs.org/react/-/react-19.2.3.tgz",
      "integrity": "sha512-Ku/hhYbVjOQnXDZFv2+RibmLFGwFdeeKHFcOTlrt7xplBnya5OGn/hIRDsqDiSUcfORsDC7MPxwork8jBwsIWA==",
      "license": "MIT",
      "peer": true,
      "engines": {
        "node": ">=0.10.0"
      }
    }
  }
}
